
Microsoft Visual Studio Solution File, Format Version 10.00
# Visual Studio 2008
Project("{FAE04EC0-301F-11D3-BF4B-00C04F79EFBC}") = "CaveatEmptor", "CaveatEmptor\CaveatEmptor.csproj", "{042DE099-29EA-4873-B0AE-BDCF161926CA}"
EndProject
Global
	GlobalSection(SolutionConfigurationPlatforms) = preSolution
		Debug|Any CPU = Debug|Any CPU
		Release|Any CPU = Release|Any CPU
	EndGlobalSection
	GlobalSection(ProjectConfigurationPlatforms) = postSolution
		{042DE099-29EA-4873-B0AE-BDCF161926CA}.Debug|Any CPU.ActiveCfg = Debug|Any CPU
		{042DE099-29EA-4873-B0AE-BDCF161926CA}.Debug|Any CPU.Build.0 = Debug|Any CPU
		{042DE099-29EA-4873-B0AE-BDCF161926CA}.Release|Any CPU.ActiveCfg = Release|Any CPU
		{042DE099-29EA-4873-B0AE-BDCF161926CA}.Release|Any CPU.Build.0 = Release|Any CPU
	EndGlobalSection
	GlobalSection(SolutionProperties) = preSolution
		HideSolutionNode = FALSE
	EndGlobalSection
EndGlobal
