
Microsoft Visual Studio Solution File, Format Version 10.00
# Visual Studio 2008
Project("{FAE04EC0-301F-11D3-BF4B-00C04F79EFBC}") = "DimeCastsNhScratch", "DimeCastsNhScratch\DimeCastsNhScratch.csproj", "{86D9F2A0-DFD9-4904-8A73-C1CD5D03E73B}"
EndProject
Project("{FAE04EC0-301F-11D3-BF4B-00C04F79EFBC}") = "Core", "Core\Core.csproj", "{FFA96CBF-047C-4A7F-B7DF-1637B9F01988}"
EndProject
Global
	GlobalSection(SolutionConfigurationPlatforms) = preSolution
		Debug|Any CPU = Debug|Any CPU
		Release|Any CPU = Release|Any CPU
	EndGlobalSection
	GlobalSection(ProjectConfigurationPlatforms) = postSolution
		{86D9F2A0-DFD9-4904-8A73-C1CD5D03E73B}.Debug|Any CPU.ActiveCfg = Debug|Any CPU
		{86D9F2A0-DFD9-4904-8A73-C1CD5D03E73B}.Debug|Any CPU.Build.0 = Debug|Any CPU
		{86D9F2A0-DFD9-4904-8A73-C1CD5D03E73B}.Release|Any CPU.ActiveCfg = Release|Any CPU
		{86D9F2A0-DFD9-4904-8A73-C1CD5D03E73B}.Release|Any CPU.Build.0 = Release|Any CPU
		{FFA96CBF-047C-4A7F-B7DF-1637B9F01988}.Debug|Any CPU.ActiveCfg = Debug|Any CPU
		{FFA96CBF-047C-4A7F-B7DF-1637B9F01988}.Debug|Any CPU.Build.0 = Debug|Any CPU
		{FFA96CBF-047C-4A7F-B7DF-1637B9F01988}.Release|Any CPU.ActiveCfg = Release|Any CPU
		{FFA96CBF-047C-4A7F-B7DF-1637B9F01988}.Release|Any CPU.Build.0 = Release|Any CPU
	EndGlobalSection
	GlobalSection(SolutionProperties) = preSolution
		HideSolutionNode = FALSE
	EndGlobalSection
EndGlobal
