
Microsoft Visual Studio Solution File, Format Version 10.00
# Visual Studio 2008
Project("{FAE04EC0-301F-11D3-BF4B-00C04F79EFBC}") = "Core", "Core\Core.csproj", "{98B27A21-8668-477A-A2D7-977C72955F31}"
EndProject
Project("{FAE04EC0-301F-11D3-BF4B-00C04F79EFBC}") = "UnitTests", "UnitTests\UnitTests.csproj", "{2EACBAAB-6676-4CD9-8856-5B1DD166EAB6}"
EndProject
Global
	GlobalSection(SolutionConfigurationPlatforms) = preSolution
		Debug|Any CPU = Debug|Any CPU
		Release|Any CPU = Release|Any CPU
	EndGlobalSection
	GlobalSection(ProjectConfigurationPlatforms) = postSolution
		{98B27A21-8668-477A-A2D7-977C72955F31}.Debug|Any CPU.ActiveCfg = Debug|Any CPU
		{98B27A21-8668-477A-A2D7-977C72955F31}.Debug|Any CPU.Build.0 = Debug|Any CPU
		{98B27A21-8668-477A-A2D7-977C72955F31}.Release|Any CPU.ActiveCfg = Release|Any CPU
		{98B27A21-8668-477A-A2D7-977C72955F31}.Release|Any CPU.Build.0 = Release|Any CPU
		{2EACBAAB-6676-4CD9-8856-5B1DD166EAB6}.Debug|Any CPU.ActiveCfg = Debug|Any CPU
		{2EACBAAB-6676-4CD9-8856-5B1DD166EAB6}.Debug|Any CPU.Build.0 = Debug|Any CPU
		{2EACBAAB-6676-4CD9-8856-5B1DD166EAB6}.Release|Any CPU.ActiveCfg = Release|Any CPU
		{2EACBAAB-6676-4CD9-8856-5B1DD166EAB6}.Release|Any CPU.Build.0 = Release|Any CPU
	EndGlobalSection
	GlobalSection(SolutionProperties) = preSolution
		HideSolutionNode = FALSE
	EndGlobalSection
EndGlobal
